# Generated by conda-lock.
# platform: osx-64
# input_hash: fc1d7d6748684d5d8caa00aeed869141da845edd58206ceadc1eed74bbae033a
@EXPLICIT
https://repo.anaconda.com/pkgs/main/osx-64/blas-1.0-mkl.conda#cb2c87e85ac8e0ceae776d26d4214c8a
https://repo.anaconda.com/pkgs/main/osx-64/c-ares-1.17.1-h9ed2024_0.conda#86a4cd1999229e6805c2482447866795
https://repo.anaconda.com/pkgs/main/osx-64/ca-certificates-2021.9.30-hecd8cb5_1.conda#b047acfba77ad7ec356da91b17f3700b
https://repo.anaconda.com/pkgs/main/osx-64/intel-openmp-2021.3.0-hecd8cb5_3375.conda#30ee73a3a4b40d8acd7268deb5ea3ab7
https://repo.anaconda.com/pkgs/main/osx-64/libcxx-12.0.0-h2f01273_0.conda#fa697ecaca74bdf72bd0a10e42a2287a
https://repo.anaconda.com/pkgs/main/osx-64/xz-5.2.5-h1de35cc_0.conda#f38610dab0f2b0cb05f1b31f354113c5
https://repo.anaconda.com/pkgs/main/osx-64/zlib-1.2.11-h1de35cc_3.conda#67bb31afee816662edebfc3171360ccf
https://repo.anaconda.com/pkgs/main/osx-64/libcrc32c-1.1.1-hb1e8313_2.conda#1f20ef44e2d26da6dba54eb53ee333f0
https://repo.anaconda.com/pkgs/main/osx-64/libffi-3.3-hb1e8313_2.conda#0c959d444ac65555cb836cdbd3e9a2d9
https://repo.anaconda.com/pkgs/main/osx-64/libprotobuf-3.17.2-h2842e9f_1.conda#58d6870247aea78a3c48a7027c9b412d
https://repo.anaconda.com/pkgs/main/osx-64/mkl-2021.3.0-hecd8cb5_517.conda#b5aa43111233d1e2a3f032e0dc771f21
https://repo.anaconda.com/pkgs/main/osx-64/ncurses-6.2-h0a44026_1.conda#649f497ed2ff2704749256d3532d144b
https://repo.anaconda.com/pkgs/main/osx-64/openssl-1.1.1l-h9ed2024_0.conda#c6beda7d5320aa1fd2206876e75d195f
https://repo.anaconda.com/pkgs/main/osx-64/tk-8.6.11-h7bc2e8c_0.conda#a8755d374028db89036e8a1be2247f9e
https://repo.anaconda.com/pkgs/main/osx-64/readline-8.1-h9ed2024_0.conda#ce1a650fddb885c47ccdb28c90a2057a
https://repo.anaconda.com/pkgs/main/osx-64/sqlite-3.36.0-hce871da_0.conda#7e47a43e94a61ad1c7a5d910c5e970fd
https://repo.anaconda.com/pkgs/main/osx-64/python-3.8.11-h88f2d9e_1.conda#1061a99ed58f69ecec9675079c4bd3f5
https://repo.anaconda.com/pkgs/main/osx-64/async-timeout-3.0.1-py38hecd8cb5_0.conda#4994075d160ef62f8903cbe4c8df08e2
https://repo.anaconda.com/pkgs/main/noarch/attrs-21.2.0-pyhd3eb1b0_0.conda#2a1943ec3b34c5231268f652ef688081
https://repo.anaconda.com/pkgs/main/noarch/cachetools-4.2.2-pyhd3eb1b0_0.conda#d9e4cca23e6472a886cb8ed3f9d8a9b3
https://repo.anaconda.com/pkgs/main/osx-64/catalogue-2.0.4-py38hecd8cb5_0.conda#c4cf6912ea4f631a263abc7977802222
https://repo.anaconda.com/pkgs/main/osx-64/certifi-2021.5.30-py38hecd8cb5_0.conda#cebaf965a45275cc19cec029b2a5d871
https://repo.anaconda.com/pkgs/main/osx-64/chardet-4.0.0-py38hecd8cb5_1003.conda#c87de6a44668814935a6bd80fadb1406
https://repo.anaconda.com/pkgs/main/noarch/charset-normalizer-2.0.4-pyhd3eb1b0_0.conda#e7a441d94234b2b5fafee06e25dbf076
https://repo.anaconda.com/pkgs/main/noarch/click-7.1.2-pyhd3eb1b0_0.tar.bz2#62c4d9050c9d92ac315a9ae52ec9c0df
https://repo.anaconda.com/pkgs/main/noarch/colorama-0.4.4-pyhd3eb1b0_0.conda#f550604d18b83878f647a491b2b343d6
https://repo.anaconda.com/pkgs/main/osx-64/coverage-5.5-py38h9ed2024_2.conda#f4758d624f8cb061e82b5a7adf193300
https://repo.anaconda.com/pkgs/main/osx-64/cymem-2.0.5-py38h23ab428_0.conda#cd9001af26e014823f01521f1ac31b54
https://repo.anaconda.com/pkgs/main/osx-64/cython-0.29.24-py38h23ab428_0.conda#7cb1c974267e746fc23520073e9ad67f
https://repo.anaconda.com/pkgs/main/noarch/dataclasses-0.8-pyh6d0b6a4_7.conda#c60f3b0bd8b5f199592f4de39c606ae4
https://repo.anaconda.com/pkgs/main/noarch/idna-3.2-pyhd3eb1b0_0.conda#53c3d39ded51c78ca0909ec4b8a5a006
https://repo.anaconda.com/pkgs/main/noarch/itsdangerous-2.0.1-pyhd3eb1b0_0.conda#c7850bc75cded6e6c0e17733aa6d0436
https://repo.anaconda.com/pkgs/main/noarch/jmespath-0.10.0-pyhd3eb1b0_0.conda#a2ecfa327dbb72d386129287b6171642
https://repo.anaconda.com/pkgs/main/osx-64/markupsafe-2.0.1-py38h9ed2024_0.conda#ce67815e11d846384abf63db2db75a8a
https://repo.anaconda.com/pkgs/main/osx-64/multidict-5.1.0-py38h9ed2024_2.conda#3517a19b9897c07186c7e35abce4fceb
https://repo.anaconda.com/pkgs/main/osx-64/murmurhash-1.0.5-py38h23ab428_0.conda#28da655e7d8769b232b7e4feccb8d505
https://repo.anaconda.com/pkgs/main/noarch/pyasn1-0.4.8-pyhd3eb1b0_0.conda#4e3f334c35c33118cbb0f7b546f9fc2f
https://repo.anaconda.com/pkgs/main/noarch/pycparser-2.20-py_2.conda#fcfeb621c6f895f3562ff01d9d6ce959
https://repo.anaconda.com/pkgs/main/noarch/pyparsing-2.4.7-pyhd3eb1b0_0.tar.bz2#b4511d563c82fbfb8be42afb8814b144
https://repo.anaconda.com/pkgs/main/osx-64/pysocks-1.7.1-py38_1.conda#54d4dfc99989f03cefe7d922a741f3cf
https://conda.anaconda.org/conda-forge/osx-64/python_abi-3.8-2_cp38.tar.bz2#156803acb0247c263c9586f190b72f1c
https://repo.anaconda.com/pkgs/main/noarch/pytz-2021.3-pyhd3eb1b0_0.conda#76415b791ffd2007687ac5f0665aa7af
https://repo.anaconda.com/pkgs/main/noarch/shellingham-1.3.1-pyhd3eb1b0_0.conda#69113fb7bcdbad7ad4b95d723b5c4fe4
https://repo.anaconda.com/pkgs/main/noarch/six-1.16.0-pyhd3eb1b0_0.conda#529b369e1accc75b89f2d7e184a898d0
https://conda.anaconda.org/conda-forge/noarch/spacy-legacy-3.0.8-pyhd8ed1ab_0.tar.bz2#9d4bf07a6a57df1dbf95572b0e4c067a
https://repo.anaconda.com/pkgs/main/noarch/tqdm-4.62.2-pyhd3eb1b0_1.conda#9e0c24d3f7c51fbd42a2ebeb50b5c0fa
https://repo.anaconda.com/pkgs/main/noarch/typing_extensions-3.10.0.2-pyh06a4308_0.conda#e35b6e4d7032324a65d1050637193d30
https://repo.anaconda.com/pkgs/main/noarch/wasabi-0.8.2-pyhd3eb1b0_0.conda#b7ad07b54060c13ca65b7bb2a11ff8cb
https://repo.anaconda.com/pkgs/main/osx-64/cffi-1.14.6-py38h2125817_0.conda#44b6acfacccf831ae9606810f9261919
https://repo.anaconda.com/pkgs/main/osx-64/mkl-service-2.4.0-py38h9ed2024_0.conda#aa83a42208ae871c8f1d3e15720024c4
https://repo.anaconda.com/pkgs/main/noarch/packaging-21.0-pyhd3eb1b0_0.conda#ecaf83327ea9dbb8c300eb4133409661
https://repo.anaconda.com/pkgs/main/osx-64/preshed-3.0.5-py38h23ab428_4.conda#4fab3e4d298efb678d7819b82e1da076
https://repo.anaconda.com/pkgs/main/noarch/pyasn1-modules-0.2.8-py_0.conda#9f3232c42eed255f0877d3f7c955e237
https://repo.anaconda.com/pkgs/main/noarch/python-dateutil-2.8.2-pyhd3eb1b0_0.conda#211ee00320b08a1ac9fea6677649f6c9
https://repo.anaconda.com/pkgs/main/noarch/rsa-4.7.2-pyhd3eb1b0_1.conda#4a7551a8d3da2725b6994751bad902f2
https://repo.anaconda.com/pkgs/main/osx-64/setuptools-58.0.4-py38hecd8cb5_0.conda#51abe4c11218b039e233854aa91f2b5f
https://repo.anaconda.com/pkgs/main/osx-64/srsly-2.4.1-py38h23ab428_0.conda#2199bb2c0f08009e84890a1459f9d908
https://repo.anaconda.com/pkgs/main/noarch/typer-0.3.2-pyhd3eb1b0_0.conda#be4f80eacfba71654fd494096e96b7cc
https://repo.anaconda.com/pkgs/main/noarch/typing-extensions-3.10.0.2-hd3eb1b0_0.conda#4bd20a47640a2590b86d61997d35ce5c
https://repo.anaconda.com/pkgs/main/noarch/werkzeug-2.0.1-pyhd3eb1b0_0.conda#67113f921390cf2e0a7f360edb47b638
https://repo.anaconda.com/pkgs/main/osx-64/yarl-1.5.1-py38haf1e3a3_0.conda#7aa6cbab8976a6876ba434eda0685687
https://repo.anaconda.com/pkgs/main/osx-64/aiohttp-3.7.4.post0-py38h9ed2024_2.conda#39497d14fa1c655fc3327e6cdf08bf30
https://repo.anaconda.com/pkgs/main/osx-64/brotlipy-0.7.0-py38h9ed2024_1003.conda#41b0bc0721aecf75336a098f4d5314b8
https://repo.anaconda.com/pkgs/main/osx-64/cryptography-3.4.8-py38h2fd3fbb_0.conda#21869b0b0df8657f07783d84d3bbb701
https://repo.anaconda.com/pkgs/main/osx-64/google-crc32c-1.1.2-py38h9ed2024_0.conda#2692e1a2eb6ac917d301eca0d52a2371
https://repo.anaconda.com/pkgs/main/osx-64/grpcio-1.36.1-py38h97de6d8_1.conda#44c8638e754fbb661bbd0928e37c1ff9
https://repo.anaconda.com/pkgs/main/noarch/jinja2-3.0.1-pyhd3eb1b0_0.conda#bdc306d891e4dc2e5c4b21d45e38e4b5
https://repo.anaconda.com/pkgs/main/osx-64/numpy-base-1.20.3-py38he0bd621_0.conda#de135b680893e9e80f6322d921293672
https://repo.anaconda.com/pkgs/main/osx-64/protobuf-3.17.2-py38h23ab428_0.conda#718e6e0ece0c44899367eca61f86a8bc
https://repo.anaconda.com/pkgs/main/osx-64/pydantic-1.8.2-py38h9ed2024_0.conda#3119fab2a74d68b7a4763937d1e1f574
https://conda.anaconda.org/conda-forge/noarch/spacy-model-en_core_web_sm-3.1.0-pyhd8ed1ab_0.tar.bz2#f57da9fb33a2e0272a5be18f88d958fc
https://repo.anaconda.com/pkgs/main/noarch/flask-1.1.1-py_1.conda#5d9b59a54f593487b1a741aef1ee6075
https://repo.anaconda.com/pkgs/main/noarch/google-resumable-media-1.3.1-pyhd3eb1b0_1.conda#1896ff179fb0ddf338b0ceb764a39021
https://repo.anaconda.com/pkgs/main/osx-64/googleapis-common-protos-1.53.0-py38hecd8cb5_0.conda#99fa09ef923873f6e4760c198b7d064b
https://repo.anaconda.com/pkgs/main/noarch/pyopenssl-20.0.1-pyhd3eb1b0_1.conda#ac62ddccf2e89f7a35867b2478a278af
https://repo.anaconda.com/pkgs/main/noarch/urllib3-1.26.7-pyhd3eb1b0_0.conda#e17184b31cca4681ee0ab27abf546987
https://repo.anaconda.com/pkgs/main/noarch/botocore-1.21.41-pyhd3eb1b0_1.conda#0b80cec261b71b896ae301918b7e08c5
https://repo.anaconda.com/pkgs/main/noarch/requests-2.26.0-pyhd3eb1b0_0.conda#29d0283ebbb15ec55e7b61f1bf75328d
https://repo.anaconda.com/pkgs/main/noarch/google-auth-1.33.0-pyhd3eb1b0_0.conda#545a49bbc677bbd79d2a107a6174c25d
https://repo.anaconda.com/pkgs/main/noarch/s3transfer-0.5.0-pyhd3eb1b0_0.conda#6e5b0d49537fe19e36b4771e590c9fe9
https://repo.anaconda.com/pkgs/main/noarch/boto3-1.18.21-pyhd3eb1b0_0.conda#b4ae9f7789144f18964d58113145dfe0
https://repo.anaconda.com/pkgs/main/noarch/google-api-core-1.25.1-pyhd3eb1b0_0.conda#bfa4e87ea24d4081764229483d43b688
https://repo.anaconda.com/pkgs/main/noarch/google-cloud-core-1.7.1-pyhd3eb1b0_0.conda#aee2446e678b6170f7585642a9a694cd
https://repo.anaconda.com/pkgs/main/noarch/google-cloud-storage-1.41.0-pyhd3eb1b0_0.conda#29a4fbf32c6d06145abd165ebda5e74a
https://repo.anaconda.com/pkgs/main/noarch/smart_open-5.1.0-pyhd3eb1b0_0.conda#b11cca51c18c2437485f9d856033329a
https://repo.anaconda.com/pkgs/main/noarch/pathy-0.6.0-pyhd3eb1b0_0.conda#d9de2d1ed5bdc81a20434992b5e9ac7c
https://repo.anaconda.com/pkgs/main/noarch/soupsieve-2.2.1-pyhd3eb1b0_0.conda#4217a75ee6cecfb4111d64791bded747
https://repo.anaconda.com/pkgs/main/osx-64/beautifulsoup4-4.8.1-py38_0.conda#c60d7f1a0df4801c18b5c6c638afaa0b
https://repo.anaconda.com/pkgs/main/osx-64/cython-blis-0.7.4-py38h9ed2024_1.conda#c2aad177068d9ee206f311e5fd64d78b
https://conda.anaconda.org/conda-forge/osx-64/thinc-8.0.10-py38hb0f0857_1.tar.bz2#1cb71d7dd0f7c6175204726099aaa0e4
https://conda.anaconda.org/conda-forge/osx-64/spacy-3.1.0-py38he35c9cc_0.tar.bz2#9da7da306f5e7960e7cbb1ef4f6e5def
https://repo.anaconda.com/pkgs/main/osx-64/mkl_fft-1.3.0-py38h4a7008c_2.conda#074ae65d92fbb401e882203908b45859
https://repo.anaconda.com/pkgs/main/osx-64/mkl_random-1.2.2-py38hb2f4e1b_0.conda#f000fabdb08ccfb051ac7134449e23b3
https://repo.anaconda.com/pkgs/main/osx-64/numpy-1.20.3-py38h4b4dc7a_0.conda#716b5f57e90eb86120b580f02c467df9
