# Generated by conda-lock.
# platform: linux-aarch64
# input_hash: 2223f898b244237230bf0df7637c8280d4a775e1c1dcf32ca9f864223ead3c82
@EXPLICIT
https://repo.anaconda.com/pkgs/main/linux-aarch64/_libgcc_mutex-0.1-main.conda#b272288d02db5520249ca7870c2287b4
https://repo.anaconda.com/pkgs/main/linux-aarch64/ca-certificates-2021.7.5-hd43f75c_1.conda#dd26b90e522aad57aafe0ff1bddae1b7
https://repo.anaconda.com/pkgs/main/linux-aarch64/ld_impl_linux-aarch64-2.36.1-h0ab8de2_3.conda#4a7f8f01d0605d9ea010d1866da68405
https://repo.anaconda.com/pkgs/main/linux-aarch64/libgfortran5-10.2.0-h1234567_51.conda#983a9056886824ba9cbdc4db5241fba1
https://repo.anaconda.com/pkgs/main/linux-aarch64/libstdcxx-ng-10.2.0-h1234567_51.conda#5a06709e241c7b2e1d0000873c2b50df
https://repo.anaconda.com/pkgs/main/linux-aarch64/libgfortran-ng-10.2.0-h9534d94_51.conda#f87e0233a416796908ee109deefef827
https://repo.anaconda.com/pkgs/main/linux-aarch64/libgomp-10.2.0-h1234567_51.conda#c0de254ed4cd99f5a2f9ac20fe229a26
https://repo.anaconda.com/pkgs/main/linux-aarch64/_openmp_mutex-5.1-51_gnu.conda#66329dd81c60123e0d7c4c39b7ee7afe
https://repo.anaconda.com/pkgs/main/linux-aarch64/libgcc-ng-10.2.0-h1234567_51.conda#097938db7fb88470c14a7fbd8d7129be
https://repo.anaconda.com/pkgs/main/linux-aarch64/c-ares-1.17.1-hfd63f10_0.conda#1cfb2e36bb42587bb56403350a3f5972
https://repo.anaconda.com/pkgs/main/linux-aarch64/libcrc32c-1.1.1-h22f4aa5_2.conda#d99e552c1fe725162111ad1188c1636e
https://repo.anaconda.com/pkgs/main/linux-aarch64/libffi-3.3-h7c1a80f_2.conda#f0904a7c72c018211d63532563f1fff3
https://repo.anaconda.com/pkgs/main/linux-aarch64/libopenblas-0.3.10-hf4835c0_1.conda#0295dabd62d6749f57b2e2c02690f8d9
https://repo.anaconda.com/pkgs/main/linux-aarch64/ncurses-6.2-hfd63f10_0.conda#0df03bc221242eb07c9cdc25b428d6ae
https://repo.anaconda.com/pkgs/main/linux-aarch64/openssl-1.1.1l-h2f4d8fa_0.conda#4be4a123827281d879e34bae5a7667a1
https://repo.anaconda.com/pkgs/main/linux-aarch64/xz-5.2.5-hfd63f10_1.conda#a7d8a6dd8cf38721b658955bbcd46700
https://repo.anaconda.com/pkgs/main/linux-aarch64/zlib-1.2.11-hfd63f10_5.conda#296df056841cc07dd47a3f4921f1de7b
https://conda.anaconda.org/conda-forge/linux-aarch64/libblas-3.8.0-17_openblas.tar.bz2#9eb3ac87bc81095e20a3ec043d9991c6
https://repo.anaconda.com/pkgs/main/linux-aarch64/libprotobuf-3.14.0-h549d06d_0.conda#5579c0ccade4df5fd9e81adc9579e069
https://repo.anaconda.com/pkgs/main/linux-aarch64/readline-8.1-hfd63f10_0.conda#108abc85bb0ca80dbddd787294f51de8
https://repo.anaconda.com/pkgs/main/linux-aarch64/tk-8.6.11-h241ca14_0.conda#3fe9e16ab57587e44135ee414b57e9cf
https://conda.anaconda.org/conda-forge/linux-aarch64/libcblas-3.8.0-17_openblas.tar.bz2#683e18ad9e38b18e5c07eacb40f98057
https://conda.anaconda.org/conda-forge/linux-aarch64/liblapack-3.8.0-17_openblas.tar.bz2#a3d270b0ef51441753ebe6cb9f0209cf
https://repo.anaconda.com/pkgs/main/linux-aarch64/sqlite-3.36.0-h6632b73_0.conda#aca690d77bf7cf4feda0a3eda1e4bc1c
https://repo.anaconda.com/pkgs/main/linux-aarch64/python-3.7.11-hc137634_0.conda#0e7bc724063f418ad5c0dcb90c98354a
https://repo.anaconda.com/pkgs/main/linux-aarch64/async-timeout-3.0.1-py37hd43f75c_0.conda#8b3c6a02cf5e77e1a798e1b5e556449a
https://repo.anaconda.com/pkgs/main/noarch/attrs-21.2.0-pyhd3eb1b0_0.conda#2a1943ec3b34c5231268f652ef688081
https://repo.anaconda.com/pkgs/main/noarch/cachetools-4.2.2-pyhd3eb1b0_0.conda#d9e4cca23e6472a886cb8ed3f9d8a9b3
https://repo.anaconda.com/pkgs/main/linux-aarch64/certifi-2021.5.30-py37hd43f75c_0.conda#ee59a47d295ce0f75bb8f65318c53d49
https://repo.anaconda.com/pkgs/main/linux-aarch64/chardet-3.0.4-py37hd43f75c_1003.conda#f79991a5866c15ac2ce5cad4fa6b0fe3
https://repo.anaconda.com/pkgs/main/noarch/charset-normalizer-2.0.4-pyhd3eb1b0_0.conda#e7a441d94234b2b5fafee06e25dbf076
https://repo.anaconda.com/pkgs/main/noarch/click-7.1.2-pyhd3eb1b0_0.tar.bz2#62c4d9050c9d92ac315a9ae52ec9c0df
https://repo.anaconda.com/pkgs/main/noarch/colorama-0.4.4-pyhd3eb1b0_0.conda#f550604d18b83878f647a491b2b343d6
https://repo.anaconda.com/pkgs/main/linux-aarch64/coverage-5.5-py37hfd63f10_2.conda#ea3b7766315cbb631f7a88787f1ba9ca
https://repo.anaconda.com/pkgs/main/linux-aarch64/cymem-2.0.5-py37h7c1a80f_0.conda#aed5aa27bc8343a406e0066406d052ad
https://repo.anaconda.com/pkgs/main/linux-aarch64/cython-0.29.24-py37h2f4d8fa_0.conda#4b2042480077afdd1a8a5717deb23e40
https://repo.anaconda.com/pkgs/main/noarch/dataclasses-0.8-pyh6d0b6a4_7.conda#c60f3b0bd8b5f199592f4de39c606ae4
https://repo.anaconda.com/pkgs/main/noarch/idna-3.2-pyhd3eb1b0_0.conda#53c3d39ded51c78ca0909ec4b8a5a006
https://repo.anaconda.com/pkgs/main/noarch/itsdangerous-2.0.1-pyhd3eb1b0_0.conda#c7850bc75cded6e6c0e17733aa6d0436
https://repo.anaconda.com/pkgs/main/noarch/jmespath-0.10.0-pyhd3eb1b0_0.conda#a2ecfa327dbb72d386129287b6171642
https://repo.anaconda.com/pkgs/main/linux-aarch64/markupsafe-2.0.1-py37h2f4d8fa_0.conda#2b63db3032d66b9b1fe49708ebb6012a
https://repo.anaconda.com/pkgs/main/linux-aarch64/multidict-5.1.0-py37hfd63f10_2.conda#76a1ebf7d33b7bc5df912b2c121471a7
https://repo.anaconda.com/pkgs/main/linux-aarch64/murmurhash-1.0.5-py37h7c1a80f_0.conda#0331c9eaec079937e923e6f2008834ce
https://repo.anaconda.com/pkgs/main/noarch/pyasn1-0.4.8-pyhd3eb1b0_0.conda#4e3f334c35c33118cbb0f7b546f9fc2f
https://repo.anaconda.com/pkgs/main/noarch/pycparser-2.20-py_2.conda#fcfeb621c6f895f3562ff01d9d6ce959
https://repo.anaconda.com/pkgs/main/noarch/pyparsing-2.4.7-pyhd3eb1b0_0.tar.bz2#b4511d563c82fbfb8be42afb8814b144
https://repo.anaconda.com/pkgs/main/linux-aarch64/pysocks-1.7.1-py37hd43f75c_0.conda#a1d05b75c2897311b222ece1b5008c8e
https://conda.anaconda.org/conda-forge/linux-aarch64/python_abi-3.7-2_cp37m.tar.bz2#e7ee93db755682a469f0e6a2e589754c
https://repo.anaconda.com/pkgs/main/noarch/pytz-2021.3-pyhd3eb1b0_0.conda#76415b791ffd2007687ac5f0665aa7af
https://repo.anaconda.com/pkgs/main/noarch/shellingham-1.3.1-pyhd3eb1b0_0.conda#69113fb7bcdbad7ad4b95d723b5c4fe4
https://repo.anaconda.com/pkgs/main/noarch/six-1.16.0-pyhd3eb1b0_0.conda#529b369e1accc75b89f2d7e184a898d0
https://conda.anaconda.org/conda-forge/noarch/spacy-legacy-3.0.8-pyhd8ed1ab_0.tar.bz2#9d4bf07a6a57df1dbf95572b0e4c067a
https://repo.anaconda.com/pkgs/main/noarch/tqdm-4.62.2-pyhd3eb1b0_1.conda#9e0c24d3f7c51fbd42a2ebeb50b5c0fa
https://repo.anaconda.com/pkgs/main/noarch/typing_extensions-3.10.0.2-pyh06a4308_0.conda#e35b6e4d7032324a65d1050637193d30
https://repo.anaconda.com/pkgs/main/noarch/wasabi-0.8.2-pyhd3eb1b0_0.conda#b7ad07b54060c13ca65b7bb2a11ff8cb
https://repo.anaconda.com/pkgs/main/noarch/zipp-3.6.0-pyhd3eb1b0_0.conda#73a66487ef380660def64d37c31b05e4
https://repo.anaconda.com/pkgs/main/linux-aarch64/cffi-1.14.5-py37hdced402_0.conda#a9c66cb295d320f34b33c00e351d2b7f
https://conda.anaconda.org/conda-forge/linux-aarch64/numpy-1.21.2-py37h8aefbad_0.tar.bz2#556369ac9380826e2fd6d2375abb3239
https://repo.anaconda.com/pkgs/main/noarch/packaging-21.0-pyhd3eb1b0_0.conda#ecaf83327ea9dbb8c300eb4133409661
https://repo.anaconda.com/pkgs/main/linux-aarch64/preshed-3.0.5-py37h7c1a80f_2.conda#d69d34f3d4971a0c06c0678f71161c7d
https://repo.anaconda.com/pkgs/main/noarch/pyasn1-modules-0.2.8-py_0.conda#9f3232c42eed255f0877d3f7c955e237
https://repo.anaconda.com/pkgs/main/noarch/python-dateutil-2.8.2-pyhd3eb1b0_0.conda#211ee00320b08a1ac9fea6677649f6c9
https://repo.anaconda.com/pkgs/main/noarch/rsa-4.7.2-pyhd3eb1b0_1.conda#4a7551a8d3da2725b6994751bad902f2
https://repo.anaconda.com/pkgs/main/linux-aarch64/setuptools-58.0.4-py37hd43f75c_0.conda#dc5da9597254b9ba5dc2f824caeb6f24
https://repo.anaconda.com/pkgs/main/noarch/typer-0.3.2-pyhd3eb1b0_0.conda#be4f80eacfba71654fd494096e96b7cc
https://repo.anaconda.com/pkgs/main/noarch/typing-extensions-3.10.0.2-hd3eb1b0_0.conda#4bd20a47640a2590b86d61997d35ce5c
https://repo.anaconda.com/pkgs/main/noarch/werkzeug-2.0.1-pyhd3eb1b0_0.conda#67113f921390cf2e0a7f360edb47b638
https://repo.anaconda.com/pkgs/main/linux-aarch64/yarl-1.6.3-py37hfd63f10_1.conda#9720e4471fe7095aea6f0b8c04ce4d25
https://repo.anaconda.com/pkgs/main/linux-aarch64/aiohttp-3.7.4-py37hfd63f10_1.conda#cbb8e113e2339117177effb3b09a6087
https://repo.anaconda.com/pkgs/main/linux-aarch64/brotlipy-0.7.0-py37hfd63f10_1002.conda#32656d0d6b5e95f162034d83e4f3649e
https://repo.anaconda.com/pkgs/main/linux-aarch64/catalogue-2.0.4-py37hd43f75c_0.conda#7638481454857406df9afa2ca7f4ec38
https://repo.anaconda.com/pkgs/main/linux-aarch64/cryptography-3.4.7-py37hc8f1c36_0.conda#96a8eebc095c23abc4e3a12e337320bd
https://repo.anaconda.com/pkgs/main/linux-aarch64/cython-blis-0.7.4-py37hfd63f10_1.conda#7c81f1fcfec99c687c4c3d554c2b27d1
https://repo.anaconda.com/pkgs/main/linux-aarch64/google-crc32c-1.1.2-py37h2f4d8fa_0.conda#10dca7701642225fc758b60df3771b75
https://repo.anaconda.com/pkgs/main/linux-aarch64/grpcio-1.36.1-py37h727e395_1.conda#2338a067678a3e73c0462fbbcbf67b5a
https://repo.anaconda.com/pkgs/main/noarch/jinja2-3.0.1-pyhd3eb1b0_0.conda#bdc306d891e4dc2e5c4b21d45e38e4b5
https://repo.anaconda.com/pkgs/main/linux-aarch64/protobuf-3.14.0-py37h22f4aa5_1.conda#dcbca4c883a0553fad706468280b8d56
https://conda.anaconda.org/conda-forge/linux-aarch64/pydantic-1.8.2-py37hcd4c3ab_0.tar.bz2#50731fef62a480b9031d40ae29a20bf6
https://conda.anaconda.org/conda-forge/noarch/spacy-model-en_core_web_sm-3.1.0-pyhd8ed1ab_0.tar.bz2#f57da9fb33a2e0272a5be18f88d958fc
https://repo.anaconda.com/pkgs/main/noarch/flask-1.1.1-py_1.conda#5d9b59a54f593487b1a741aef1ee6075
https://repo.anaconda.com/pkgs/main/noarch/google-resumable-media-1.3.1-pyhd3eb1b0_1.conda#1896ff179fb0ddf338b0ceb764a39021
https://repo.anaconda.com/pkgs/main/linux-aarch64/googleapis-common-protos-1.53.0-py37hd43f75c_0.conda#4a0048af9ebbbc48728e94fae0d366f3
https://repo.anaconda.com/pkgs/main/noarch/pyopenssl-20.0.1-pyhd3eb1b0_1.conda#ac62ddccf2e89f7a35867b2478a278af
https://repo.anaconda.com/pkgs/main/linux-aarch64/srsly-2.4.1-py37h7c1a80f_0.conda#da172e884ca9398cd207c289123365dc
https://conda.anaconda.org/conda-forge/linux-aarch64/thinc-8.0.10-py37hf1831ff_1.tar.bz2#b41d22ea7d6cf91ef7dda6d5134e2e71
https://repo.anaconda.com/pkgs/main/noarch/urllib3-1.26.7-pyhd3eb1b0_0.conda#e17184b31cca4681ee0ab27abf546987
https://repo.anaconda.com/pkgs/main/noarch/botocore-1.21.41-pyhd3eb1b0_1.conda#0b80cec261b71b896ae301918b7e08c5
https://repo.anaconda.com/pkgs/main/noarch/requests-2.26.0-pyhd3eb1b0_0.conda#29d0283ebbb15ec55e7b61f1bf75328d
https://repo.anaconda.com/pkgs/main/noarch/google-auth-1.33.0-pyhd3eb1b0_0.conda#545a49bbc677bbd79d2a107a6174c25d
https://repo.anaconda.com/pkgs/main/noarch/s3transfer-0.5.0-pyhd3eb1b0_0.conda#6e5b0d49537fe19e36b4771e590c9fe9
https://repo.anaconda.com/pkgs/main/noarch/boto3-1.18.21-pyhd3eb1b0_0.conda#b4ae9f7789144f18964d58113145dfe0
https://repo.anaconda.com/pkgs/main/noarch/google-api-core-1.25.1-pyhd3eb1b0_0.conda#bfa4e87ea24d4081764229483d43b688
https://repo.anaconda.com/pkgs/main/noarch/google-cloud-core-1.7.1-pyhd3eb1b0_0.conda#aee2446e678b6170f7585642a9a694cd
https://repo.anaconda.com/pkgs/main/noarch/google-cloud-storage-1.31.0-py_0.conda#fea0ec196029693e7ad93f0d01b08f49
https://repo.anaconda.com/pkgs/main/noarch/smart_open-5.1.0-pyhd3eb1b0_0.conda#b11cca51c18c2437485f9d856033329a
https://repo.anaconda.com/pkgs/main/noarch/pathy-0.6.0-pyhd3eb1b0_0.conda#d9de2d1ed5bdc81a20434992b5e9ac7c
https://conda.anaconda.org/conda-forge/linux-aarch64/spacy-3.1.0-py37h2603c11_0.tar.bz2#921fa0d12af2a2b5fe427dc55b77d822
https://conda.anaconda.org/conda-forge/linux-aarch64/beautifulsoup4-4.8.1-py37_0.tar.bz2#f4741884fdd6895b837c300e8dd19379
https://repo.anaconda.com/pkgs/main/noarch/soupsieve-2.2.1-pyhd3eb1b0_0.conda#4217a75ee6cecfb4111d64791bded747
